// !$*UTF8*$!
{
	archiveVersion = 1;
	classes = {
	};
	objectVersion = 48;
	objects = {

/* Begin PBXBuildFile section */
		2A9836611FA24DE00075F264 /* Loveji Blowing Kisses StickerPackExtension.appex in Embed App Extensions */ = {isa = PBXBuildFile; fileRef = 2A9836601FA24DE00075F264 /* Loveji Blowing Kisses StickerPackExtension.appex */; settings = {ATTRIBUTES = (RemoveHeadersOnCopy, ); }; };
		2A9836651FA24DE00075F264 /* Stickers.xcstickers in Resources */ = {isa = PBXBuildFile; fileRef = 2A9836641FA24DE00075F264 /* Stickers.xcstickers */; };
		2A9836661FA24DE00075F264 /* Stickers.xcstickers in Resources */ = {isa = PBXBuildFile; fileRef = 2A9836641FA24DE00075F264 /* Stickers.xcstickers */; };
/* End PBXBuildFile section */

/* Begin PBXContainerItemProxy section */
		2A9836621FA24DE00075F264 /* PBXContainerItemProxy */ = {
			isa = PBXContainerItemProxy;
			containerPortal = 2A9836561FA24DDF0075F264 /* Project object */;
			proxyType = 1;
			remoteGlobalIDString = 2A98365F1FA24DE00075F264;
			remoteInfo = "Loveji Blowing Kisses StickerPackExtension";
		};
/* End PBXContainerItemProxy section */

/* Begin PBXCopyFilesBuildPhase section */
		2A98366C1FA24DE00075F264 /* Embed App Extensions */ = {
			isa = PBXCopyFilesBuildPhase;
			buildActionMask = 2147483647;
			dstPath = "";
			dstSubfolderSpec = 13;
			files = (
				2A9836611FA24DE00075F264 /* Loveji Blowing Kisses StickerPackExtension.appex in Embed App Extensions */,
			);
			name = "Embed App Extensions";
			runOnlyForDeploymentPostprocessing = 0;
		};
/* End PBXCopyFilesBuildPhase section */

/* Begin PBXFileReference section */
		2A98365C1FA24DDF0075F264 /* Loveji Blowing Kisses.app */ = {isa = PBXFileReference; explicitFileType = wrapper.application; includeInIndex = 0; path = "Loveji Blowing Kisses.app"; sourceTree = BUILT_PRODUCTS_DIR; };
		2A9836601FA24DE00075F264 /* Loveji Blowing Kisses StickerPackExtension.appex */ = {isa = PBXFileReference; explicitFileType = "wrapper.app-extension"; includeInIndex = 0; path = "Loveji Blowing Kisses StickerPackExtension.appex"; sourceTree = BUILT_PRODUCTS_DIR; };
		2A9836641FA24DE00075F264 /* Stickers.xcstickers */ = {isa = PBXFileReference; lastKnownFileType = folder.stickers; name = Stickers.xcstickers; path = "Loveji Blowing Kisses StickerPackExtension/Stickers.xcstickers"; sourceTree = "<group>"; };
/* End PBXFileReference section */

/* Begin PBXGroup section */
		2A9836551FA24DDF0075F264 = {
			isa = PBXGroup;
			children = (
				2A9836641FA24DE00075F264 /* Stickers.xcstickers */,
				2A98365D1FA24DDF0075F264 /* Products */,
			);
			sourceTree = "<group>";
		};
		2A98365D1FA24DDF0075F264 /* Products */ = {
			isa = PBXGroup;
			children = (
				2A98365C1FA24DDF0075F264 /* Loveji Blowing Kisses.app */,
				2A9836601FA24DE00075F264 /* Loveji Blowing Kisses StickerPackExtension.appex */,
			);
			name = Products;
			sourceTree = "<group>";
		};
/* End PBXGroup section */

/* Begin PBXNativeTarget section */
		2A98365B1FA24DDF0075F264 /* Loveji Blowing Kisses */ = {
			isa = PBXNativeTarget;
			buildConfigurationList = 2A98366D1FA24DE00075F264 /* Build configuration list for PBXNativeTarget "Loveji Blowing Kisses" */;
			buildPhases = (
				2A98365A1FA24DDF0075F264 /* Resources */,
				2A98366C1FA24DE00075F264 /* Embed App Extensions */,
			);
			buildRules = (
			);
			dependencies = (
				2A9836631FA24DE00075F264 /* PBXTargetDependency */,
			);
			name = "Loveji Blowing Kisses";
			productName = "Loveji Blowing Kisses";
			productReference = 2A98365C1FA24DDF0075F264 /* Loveji Blowing Kisses.app */;
			productType = "com.apple.product-type.application.messages";
		};
		2A98365F1FA24DE00075F264 /* Loveji Blowing Kisses StickerPackExtension */ = {
			isa = PBXNativeTarget;
			buildConfigurationList = 2A9836691FA24DE00075F264 /* Build configuration list for PBXNativeTarget "Loveji Blowing Kisses StickerPackExtension" */;
			buildPhases = (
				2A98365E1FA24DE00075F264 /* Resources */,
			);
			buildRules = (
			);
			dependencies = (
			);
			name = "Loveji Blowing Kisses StickerPackExtension";
			productName = "Loveji Blowing Kisses StickerPackExtension";
			productReference = 2A9836601FA24DE00075F264 /* Loveji Blowing Kisses StickerPackExtension.appex */;
			productType = "com.apple.product-type.app-extension.messages-sticker-pack";
		};
/* End PBXNativeTarget section */

/* Begin PBXProject section */
		2A9836561FA24DDF0075F264 /* Project object */ = {
			isa = PBXProject;
			attributes = {
				LastUpgradeCheck = 1000;
				ORGANIZATIONNAME = "Alexander Iashchuk";
				TargetAttributes = {
					2A98365B1FA24DDF0075F264 = {
						CreatedOnToolsVersion = 9.0.1;
						ProvisioningStyle = Automatic;
					};
					2A98365F1FA24DE00075F264 = {
						CreatedOnToolsVersion = 9.0.1;
						ProvisioningStyle = Automatic;
					};
				};
			};
			buildConfigurationList = 2A9836591FA24DDF0075F264 /* Build configuration list for PBXProject "Loveji Blowing Kisses" */;
			compatibilityVersion = "Xcode 8.0";
			developmentRegion = en;
			hasScannedForEncodings = 0;
			knownRegions = (
				en,
			);
			mainGroup = 2A9836551FA24DDF0075F264;
			productRefGroup = 2A98365D1FA24DDF0075F264 /* Products */;
			projectDirPath = "";
			projectRoot = "";
			targets = (
				2A98365B1FA24DDF0075F264 /* Loveji Blowing Kisses */,
				2A98365F1FA24DE00075F264 /* Loveji Blowing Kisses StickerPackExtension */,
			);
		};
/* End PBXProject section */

/* Begin PBXResourcesBuildPhase section */
		2A98365A1FA24DDF0075F264 /* Resources */ = {
			isa = PBXResourcesBuildPhase;
			buildActionMask = 2147483647;
			files = (
				2A9836661FA24DE00075F264 /* Stickers.xcstickers in Resources */,
			);
			runOnlyForDeploymentPostprocessing = 0;
		};
		2A98365E1FA24DE00075F264 /* Resources */ = {
			isa = PBXResourcesBuildPhase;
			buildActionMask = 2147483647;
			files = (
				2A9836651FA24DE00075F264 /* Stickers.xcstickers in Resources */,
			);
			runOnlyForDeploymentPostprocessing = 0;
		};
/* End PBXResourcesBuildPhase section */

/* Begin PBXTargetDependency section */
		2A9836631FA24DE00075F264 /* PBXTargetDependency */ = {
			isa = PBXTargetDependency;
			target = 2A98365F1FA24DE00075F264 /* Loveji Blowing Kisses StickerPackExtension */;
			targetProxy = 2A9836621FA24DE00075F264 /* PBXContainerItemProxy */;
		};
/* End PBXTargetDependency section */

/* Begin XCBuildConfiguration section */
		2A9836671FA24DE00075F264 /* Debug */ = {
			isa = XCBuildConfiguration;
			buildSettings = {
				ALWAYS_SEARCH_USER_PATHS = NO;
				CLANG_ANALYZER_NONNULL = YES;
				CLANG_ANALYZER_NUMBER_OBJECT_CONVERSION = YES_AGGRESSIVE;
				CLANG_CXX_LANGUAGE_STANDARD = "gnu++14";
				CLANG_CXX_LIBRARY = "libc++";
				CLANG_ENABLE_MODULES = YES;
				CLANG_ENABLE_OBJC_ARC = YES;
				CLANG_WARN_BLOCK_CAPTURE_AUTORELEASING = YES;
				CLANG_WARN_BOOL_CONVERSION = YES;
				CLANG_WARN_COMMA = YES;
				CLANG_WARN_CONSTANT_CONVERSION = YES;
				CLANG_WARN_DEPRECATED_OBJC_IMPLEMENTATIONS = YES;
				CLANG_WARN_DIRECT_OBJC_ISA_USAGE = YES_ERROR;
				CLANG_WARN_DOCUMENTATION_COMMENTS = YES;
				CLANG_WARN_EMPTY_BODY = YES;
				CLANG_WARN_ENUM_CONVERSION = YES;
				CLANG_WARN_INFINITE_RECURSION = YES;
				CLANG_WARN_INT_CONVERSION = YES;
				CLANG_WARN_NON_LITERAL_NULL_CONVERSION = YES;
				CLANG_WARN_OBJC_IMPLICIT_RETAIN_SELF = YES;
				CLANG_WARN_OBJC_LITERAL_CONVERSION = YES;
				CLANG_WARN_OBJC_ROOT_CLASS = YES_ERROR;
				CLANG_WARN_RANGE_LOOP_ANALYSIS = YES;
				CLANG_WARN_STRICT_PROTOTYPES = YES;
				CLANG_WARN_SUSPICIOUS_MOVE = YES;
				CLANG_WARN_UNGUARDED_AVAILABILITY = YES_AGGRESSIVE;
				CLANG_WARN_UNREACHABLE_CODE = YES;
				CLANG_WARN__DUPLICATE_METHOD_MATCH = YES;
				CODE_SIGN_IDENTITY = "iPhone Developer";
				COPY_PHASE_STRIP = NO;
				DEBUG_INFORMATION_FORMAT = dwarf;
				ENABLE_STRICT_OBJC_MSGSEND = YES;
				ENABLE_TESTABILITY = YES;
				GCC_C_LANGUAGE_STANDARD = gnu11;
				GCC_DYNAMIC_NO_PIC = NO;
				GCC_NO_COMMON_BLOCKS = YES;
				GCC_OPTIMIZATION_LEVEL = 0;
				GCC_PREPROCESSOR_DEFINITIONS = (
					"DEBUG=1",
					"$(inherited)",
				);
				GCC_WARN_64_TO_32_BIT_CONVERSION = YES;
				GCC_WARN_ABOUT_RETURN_TYPE = YES_ERROR;
				GCC_WARN_UNDECLARED_SELECTOR = YES;
				GCC_WARN_UNINITIALIZED_AUTOS = YES_AGGRESSIVE;
				GCC_WARN_UNUSED_FUNCTION = YES;
				GCC_WARN_UNUSED_VARIABLE = YES;
				IPHONEOS_DEPLOYMENT_TARGET = 10.0;
				MTL_ENABLE_DEBUG_INFO = YES;
				ONLY_ACTIVE_ARCH = YES;
				SDKROOT = iphoneos;
			};
			name = Debug;
		};
		2A9836681FA24DE00075F264 /* Release */ = {
			isa = XCBuildConfiguration;
			buildSettings = {
				ALWAYS_SEARCH_USER_PATHS = NO;
				CLANG_ANALYZER_NONNULL = YES;
				CLANG_ANALYZER_NUMBER_OBJECT_CONVERSION = YES_AGGRESSIVE;
				CLANG_CXX_LANGUAGE_STANDARD = "gnu++14";
				CLANG_CXX_LIBRARY = "libc++";
				CLANG_ENABLE_MODULES = YES;
				CLANG_ENABLE_OBJC_ARC = YES;
				CLANG_WARN_BLOCK_CAPTURE_AUTORELEASING = YES;
				CLANG_WARN_BOOL_CONVERSION = YES;
				CLANG_WARN_COMMA = YES;
				CLANG_WARN_CONSTANT_CONVERSION = YES;
				CLANG_WARN_DEPRECATED_OBJC_IMPLEMENTATIONS = YES;
				CLANG_WARN_DIRECT_OBJC_ISA_USAGE = YES_ERROR;
				CLANG_WARN_DOCUMENTATION_COMMENTS = YES;
				CLANG_WARN_EMPTY_BODY = YES;
				CLANG_WARN_ENUM_CONVERSION = YES;
				CLANG_WARN_INFINITE_RECURSION = YES;
				CLANG_WARN_INT_CONVERSION = YES;
				CLANG_WARN_NON_LITERAL_NULL_CONVERSION = YES;
				CLANG_WARN_OBJC_IMPLICIT_RETAIN_SELF = YES;
				CLANG_WARN_OBJC_LITERAL_CONVERSION = YES;
				CLANG_WARN_OBJC_ROOT_CLASS = YES_ERROR;
				CLANG_WARN_RANGE_LOOP_ANALYSIS = YES;
				CLANG_WARN_STRICT_PROTOTYPES = YES;
				CLANG_WARN_SUSPICIOUS_MOVE = YES;
				CLANG_WARN_UNGUARDED_AVAILABILITY = YES_AGGRESSIVE;
				CLANG_WARN_UNREACHABLE_CODE = YES;
				CLANG_WARN__DUPLICATE_METHOD_MATCH = YES;
				CODE_SIGN_IDENTITY = "iPhone Developer";
				COPY_PHASE_STRIP = NO;
				DEBUG_INFORMATION_FORMAT = "dwarf-with-dsym";
				ENABLE_NS_ASSERTIONS = NO;
				ENABLE_STRICT_OBJC_MSGSEND = YES;
				GCC_C_LANGUAGE_STANDARD = gnu11;
				GCC_NO_COMMON_BLOCKS = YES;
				GCC_WARN_64_TO_32_BIT_CONVERSION = YES;
				GCC_WARN_ABOUT_RETURN_TYPE = YES_ERROR;
				GCC_WARN_UNDECLARED_SELECTOR = YES;
				GCC_WARN_UNINITIALIZED_AUTOS = YES_AGGRESSIVE;
				GCC_WARN_UNUSED_FUNCTION = YES;
				GCC_WARN_UNUSED_VARIABLE = YES;
				IPHONEOS_DEPLOYMENT_TARGET = 10.0;
				MTL_ENABLE_DEBUG_INFO = NO;
				SDKROOT = iphoneos;
				VALIDATE_PRODUCT = YES;
			};
			name = Release;
		};
		2A98366A1FA24DE00075F264 /* Debug */ = {
			isa = XCBuildConfiguration;
			buildSettings = {
				ASSETCATALOG_COMPILER_APPICON_NAME = "iMessage App Icon";
				CODE_SIGN_STYLE = Automatic;
				DEVELOPMENT_TEAM = A5T3ZU6YUK;
				INFOPLIST_FILE = "Loveji Blowing Kisses StickerPackExtension/Info.plist";
				IPHONEOS_DEPLOYMENT_TARGET = 10.0;
				PRODUCT_BUNDLE_IDENTIFIER = "com.joyraeme.Loveji-Blowing-Kisses.StickerPackExtension";
				PRODUCT_NAME = "$(TARGET_NAME)";
				SKIP_INSTALL = YES;
				TARGETED_DEVICE_FAMILY = "1,2";
			};
			name = Debug;
		};
		2A98366B1FA24DE00075F264 /* Release */ = {
			isa = XCBuildConfiguration;
			buildSettings = {
				ASSETCATALOG_COMPILER_APPICON_NAME = "iMessage App Icon";
				CODE_SIGN_STYLE = Automatic;
				DEVELOPMENT_TEAM = A5T3ZU6YUK;
				INFOPLIST_FILE = "Loveji Blowing Kisses StickerPackExtension/Info.plist";
				IPHONEOS_DEPLOYMENT_TARGET = 10.0;
				PRODUCT_BUNDLE_IDENTIFIER = "com.joyraeme.Loveji-Blowing-Kisses.StickerPackExtension";
				PRODUCT_NAME = "$(TARGET_NAME)";
				SKIP_INSTALL = YES;
				TARGETED_DEVICE_FAMILY = "1,2";
			};
			name = Release;
		};
		2A98366E1FA24DE00075F264 /* Debug */ = {
			isa = XCBuildConfiguration;
			buildSettings = {
				ASSETCATALOG_COMPILER_APPICON_NAME = "iMessage App Icon";
				CODE_SIGN_STYLE = Automatic;
				DEVELOPMENT_TEAM = A5T3ZU6YUK;
				INFOPLIST_FILE = "Loveji Blowing Kisses/Info.plist";
				IPHONEOS_DEPLOYMENT_TARGET = 10.0;
				PRODUCT_BUNDLE_IDENTIFIER = "com.joyraeme.Loveji-Blowing-Kisses";
				PRODUCT_NAME = "$(TARGET_NAME)";
				TARGETED_DEVICE_FAMILY = "1,2";
			};
			name = Debug;
		};
		2A98366F1FA24DE00075F264 /* Release */ = {
			isa = XCBuildConfiguration;
			buildSettings = {
				ASSETCATALOG_COMPILER_APPICON_NAME = "iMessage App Icon";
				CODE_SIGN_STYLE = Automatic;
				DEVELOPMENT_TEAM = A5T3ZU6YUK;
				INFOPLIST_FILE = "Loveji Blowing Kisses/Info.plist";
				IPHONEOS_DEPLOYMENT_TARGET = 10.0;
				PRODUCT_BUNDLE_IDENTIFIER = "com.joyraeme.Loveji-Blowing-Kisses";
				PRODUCT_NAME = "$(TARGET_NAME)";
				TARGETED_DEVICE_FAMILY = "1,2";
			};
			name = Release;
		};
/* End XCBuildConfiguration section */

/* Begin XCConfigurationList section */
		2A9836591FA24DDF0075F264 /* Build configuration list for PBXProject "Loveji Blowing Kisses" */ = {
			isa = XCConfigurationList;
			buildConfigurations = (
				2A9836671FA24DE00075F264 /* Debug */,
				2A9836681FA24DE00075F264 /* Release */,
			);
			defaultConfigurationIsVisible = 0;
			defaultConfigurationName = Release;
		};
		2A9836691FA24DE00075F264 /* Build configuration list for PBXNativeTarget "Loveji Blowing Kisses StickerPackExtension" */ = {
			isa = XCConfigurationList;
			buildConfigurations = (
				2A98366A1FA24DE00075F264 /* Debug */,
				2A98366B1FA24DE00075F264 /* Release */,
			);
			defaultConfigurationIsVisible = 0;
			defaultConfigurationName = Release;
		};
		2A98366D1FA24DE00075F264 /* Build configuration list for PBXNativeTarget "Loveji Blowing Kisses" */ = {
			isa = XCConfigurationList;
			buildConfigurations = (
				2A98366E1FA24DE00075F264 /* Debug */,
				2A98366F1FA24DE00075F264 /* Release */,
			);
			defaultConfigurationIsVisible = 0;
			defaultConfigurationName = Release;
		};
/* End XCConfigurationList section */
	};
	rootObject = 2A9836561FA24DDF0075F264 /* Project object */;
}
